name: Twistlock Scan

on:
  workflow_dispatch:
  push:
    branches: [ "main" ]
  pull_request:
    branches: [ "main" ]
    types: [opened, synchronize, reopened]

jobs:
  build:
    name: 'Build'
    runs-on: ubuntu-latest

    steps:
    - uses: actions/checkout@v3
    - name: Set up JDK 11
      uses: actions/setup-java@v3
      with:
        java-version: '11'
        distribution: 'temurin'
        cache: maven
    - name: Build with Maven
      run: mvn clean compile

  Twistlock:
    name: 'Twistlock'
    needs: build
    runs-on: ubuntu-latest
    steps:
    - name: Checkout
      uses: actions/checkout@v4.0.0
    
    - name: Process Twistlock Payload
      run: |
        echo 'Processing JSON payload...'
        json_payload='{
          "scanID": "001",
          "scannerName": "Twistlock",
          "projectName": "Test Project",
          "lastScanned": "2024-06-12 14:55:36",
          "initiatedBy": "test@domain.com",
          "softwareQualityDetail": [
            {
              "category": "coverage",
              "value": "80",
              "categoryDetail": []
            },
            {
              "category": "bugs",
              "value": "3",
              "categoryDetail": []
            },
            {
              "category": "vulnerabilities",
              "value": "10",
              "categoryDetail": [
                {
                  "subcategory": "critical",
                  "value": "1"
                },
                {
                  "subcategory": "high",
                  "value": "3"
                },
                {
                  "subcategory": "medium",
                  "value": "2"
                },
                {
                  "subcategory": "low",
                  "value": "4"
                }
              ]
            }
          ],
          "vulnerabilities": [
            {
              "id": "CVE ID",
              "status": "CVE fix status",
              "cvss": "CVSS",
              "vector": "CVSS vector",
              "description": "CVE description",
              "severity": "CVE severity",
              "packageName": "package name",
              "purl": "pkg:golang/golang.org/x/net@v0.0.0-20210405180319-a5a99cb37ef4",
              "packageVersion": "package version",
              "link": "link to the CVE as provided in the Console UI",
              "riskFactors": [
                "Attack vector: network",
                "High severity",
                "Has fix"
              ],
              "tags": [
                "ignored",
                "in review"
              ],
              "impactedVersions": [
                "impacted versions phrase1",
                "impacted versions phrase2"
              ],
              "publishedDate": "publish date",
              "discoveredDate": "discovered date",
              "graceDays": "grace days",
              "fixedDate": "vendor fixed date, if exists",
              "layerTime": "layer time of the image layer to which the vulnerability belongs"
            }
          ],
          "vulnerabilityDistribution": {
            "critical": 0,
            "high": 1,
            "medium": 0,
            "low": 19,
            "total": 20
          },
          "vulnerabilitiesScanPassed": true,
          "history": [
            {
              "created": "time when the image layer was created",
              "instruction": "Dockerfile instruction and arguments used to create the layer"
            }
          ],
          "scanTime": "2024-06-12 14:55:36",
          "pipelineName": "AppDevConsulting/ServiceNow-DevOps-Change-Sample/CICD GitHub workflow/ServiceNow DevOps Change",
          "stageName": "Twistlock",
          "buildNumber": "${{ github.run_id }}/attempts/${{ github.run_attempt }}"
        }'
        echo "$json_payload" > payload.json
        curl -X POST "${{ secrets.SN_INSTANCE_URL }}/api/sn_devops/v1/devops/tool/softwarequality?toolId=2d7b09ac93030210f5e77c018bba10b3&orchestrationToolId=${{ secrets.SN_ORCHESTRATION_TOOL_ID }}" \
          --user "${{ secrets.SN_DEVOPS_USER }}:${{ secrets.SN_DEVOPS_PASSWORD }}" \
          --header "Content-Type: application/json" \
          --data "@payload.json"
      env:
        SN_INSTANCE_URL: ${{ secrets.SN_INSTANCE_URL }}
        SN_DEVOPS_USER: ${{ secrets.SN_DEVOPS_USER }}
        SN_DEVOPS_PASSWORD: ${{ secrets.SN_DEVOPS_PASSWORD }}
        SN_ORCHESTRATION_TOOL_ID: ${{ secrets.SN_ORCHESTRATION_TOOL_ID }}
